
Microsoft Visual Studio Solution File, Format Version 12.00
# Visual Studio Version 16
VisualStudioVersion = 16.0.31702.278
MinimumVisualStudioVersion = 10.0.40219.1
Project("{9A19103F-16F7-4668-BE54-9A1E7A4F7556}") = "ShotgunSpel", "test2\ShotgunSpel.csproj", "{DF9B5B91-AEB2-423E-B38A-9A0C9E3864D0}"
EndProject
Global
	GlobalSection(SolutionConfigurationPlatforms) = preSolution
		Debug|Any CPU = Debug|Any CPU
		Release|Any CPU = Release|Any CPU
	EndGlobalSection
	GlobalSection(ProjectConfigurationPlatforms) = postSolution
		{DF9B5B91-AEB2-423E-B38A-9A0C9E3864D0}.Debug|Any CPU.ActiveCfg = Debug|Any CPU
		{DF9B5B91-AEB2-423E-B38A-9A0C9E3864D0}.Debug|Any CPU.Build.0 = Debug|Any CPU
		{DF9B5B91-AEB2-423E-B38A-9A0C9E3864D0}.Release|Any CPU.ActiveCfg = Release|Any CPU
		{DF9B5B91-AEB2-423E-B38A-9A0C9E3864D0}.Release|Any CPU.Build.0 = Release|Any CPU
	EndGlobalSection
	GlobalSection(SolutionProperties) = preSolution
		HideSolutionNode = FALSE
	EndGlobalSection
	GlobalSection(ExtensibilityGlobals) = postSolution
		SolutionGuid = {5A76214F-6AEA-4815-8AF4-AF7F3AB3F8E4}
	EndGlobalSection
EndGlobal
